{
  "requires": true,
  "lockfileVersion": 1,
  "dependencies": {
    "react-hook-form": {
      "version": "7.27.0",
      "resolved": "https://registry.npmjs.org/react-hook-form/-/react-hook-form-7.27.0.tgz",
      "integrity": "sha512-NEh3Qbz1Rg3w95SRZv0kHorHN3frtMKasplznMBr8RkFrE4pVxjd/zo3clnFXpD0FppUVHBMfsTMtTsa6wyQrA=="
    }
  }
}
